
Microsoft Visual Studio Solution File, Format Version 12.00
# Visual Studio Version 17
VisualStudioVersion = 17.10.35013.160
MinimumVisualStudioVersion = 10.0.40219.1
Project("{F184B08F-C81C-45F6-A57F-5ABD9991F28F}") = "UnPack", "UnPack\UnPack.vbproj", "{1200ACEB-B62B-4A2F-B3CF-842D32FC3C87}"
EndProject
Global
	GlobalSection(SolutionConfigurationPlatforms) = preSolution
		Debug|Any CPU = Debug|Any CPU
		Release|Any CPU = Release|Any CPU
	EndGlobalSection
	GlobalSection(ProjectConfigurationPlatforms) = postSolution
		{1200ACEB-B62B-4A2F-B3CF-842D32FC3C87}.Debug|Any CPU.ActiveCfg = Debug|Any CPU
		{1200ACEB-B62B-4A2F-B3CF-842D32FC3C87}.Debug|Any CPU.Build.0 = Debug|Any CPU
		{1200ACEB-B62B-4A2F-B3CF-842D32FC3C87}.Release|Any CPU.ActiveCfg = Release|Any CPU
		{1200ACEB-B62B-4A2F-B3CF-842D32FC3C87}.Release|Any CPU.Build.0 = Release|Any CPU
	EndGlobalSection
	GlobalSection(SolutionProperties) = preSolution
		HideSolutionNode = FALSE
	EndGlobalSection
	GlobalSection(ExtensibilityGlobals) = postSolution
		SolutionGuid = {161DDEB8-F4CF-4F71-B64B-396CDF1BDBB1}
	EndGlobalSection
EndGlobal
